
Microsoft Visual Studio Solution File, Format Version 12.00
# Visual Studio Version 16
VisualStudioVersion = 16.0.30709.132
MinimumVisualStudioVersion = 10.0.40219.1
Project("{9A19103F-16F7-4668-BE54-9A1E7A4F7556}") = "ConsoleAlgoritmia", "ConsoleAlgoritmia\ConsoleAlgoritmia.csproj", "{4796C2F5-8630-4A64-AFA2-BDA453C0F0FB}"
EndProject
Project("{9A19103F-16F7-4668-BE54-9A1E7A4F7556}") = "Codility_Iterations", "Codility_Iterations\Codility_Iterations.csproj", "{F293F33E-9B0C-4095-8034-0AB395E9A45F}"
EndProject
Project("{FAE04EC0-301F-11D3-BF4B-00C04F79EFBC}") = "Codility_Arrays", "Codility_Arrays\Codility_Arrays.csproj", "{850791A1-67CC-43EB-B7D4-0F0AF3FA8BAB}"
EndProject
Global
	GlobalSection(SolutionConfigurationPlatforms) = preSolution
		Debug|Any CPU = Debug|Any CPU
		Release|Any CPU = Release|Any CPU
	EndGlobalSection
	GlobalSection(ProjectConfigurationPlatforms) = postSolution
		{4796C2F5-8630-4A64-AFA2-BDA453C0F0FB}.Debug|Any CPU.ActiveCfg = Debug|Any CPU
		{4796C2F5-8630-4A64-AFA2-BDA453C0F0FB}.Debug|Any CPU.Build.0 = Debug|Any CPU
		{4796C2F5-8630-4A64-AFA2-BDA453C0F0FB}.Release|Any CPU.ActiveCfg = Release|Any CPU
		{4796C2F5-8630-4A64-AFA2-BDA453C0F0FB}.Release|Any CPU.Build.0 = Release|Any CPU
		{F293F33E-9B0C-4095-8034-0AB395E9A45F}.Debug|Any CPU.ActiveCfg = Debug|Any CPU
		{F293F33E-9B0C-4095-8034-0AB395E9A45F}.Debug|Any CPU.Build.0 = Debug|Any CPU
		{F293F33E-9B0C-4095-8034-0AB395E9A45F}.Release|Any CPU.ActiveCfg = Release|Any CPU
		{F293F33E-9B0C-4095-8034-0AB395E9A45F}.Release|Any CPU.Build.0 = Release|Any CPU
		{850791A1-67CC-43EB-B7D4-0F0AF3FA8BAB}.Debug|Any CPU.ActiveCfg = Debug|Any CPU
		{850791A1-67CC-43EB-B7D4-0F0AF3FA8BAB}.Debug|Any CPU.Build.0 = Debug|Any CPU
		{850791A1-67CC-43EB-B7D4-0F0AF3FA8BAB}.Release|Any CPU.ActiveCfg = Release|Any CPU
		{850791A1-67CC-43EB-B7D4-0F0AF3FA8BAB}.Release|Any CPU.Build.0 = Release|Any CPU
	EndGlobalSection
	GlobalSection(SolutionProperties) = preSolution
		HideSolutionNode = FALSE
	EndGlobalSection
	GlobalSection(ExtensibilityGlobals) = postSolution
		SolutionGuid = {CA23D143-E81B-459B-986C-788138F1EFA8}
	EndGlobalSection
EndGlobal
